
Microsoft Visual Studio Solution File, Format Version 12.00
# Visual Studio Version 17
VisualStudioVersion = 17.4.33403.182
MinimumVisualStudioVersion = 10.0.40219.1
Project("{FAE04EC0-301F-11D3-BF4B-00C04F79EFBC}") = "practice", "practice\practice.csproj", "{8B7D74A5-3DF5-4484-8A8A-094C09DD4408}"
EndProject
Global
	GlobalSection(SolutionConfigurationPlatforms) = preSolution
		Debug|Any CPU = Debug|Any CPU
		Release|Any CPU = Release|Any CPU
	EndGlobalSection
	GlobalSection(ProjectConfigurationPlatforms) = postSolution
		{8B7D74A5-3DF5-4484-8A8A-094C09DD4408}.Debug|Any CPU.ActiveCfg = Debug|Any CPU
		{8B7D74A5-3DF5-4484-8A8A-094C09DD4408}.Debug|Any CPU.Build.0 = Debug|Any CPU
		{8B7D74A5-3DF5-4484-8A8A-094C09DD4408}.Release|Any CPU.ActiveCfg = Release|Any CPU
		{8B7D74A5-3DF5-4484-8A8A-094C09DD4408}.Release|Any CPU.Build.0 = Release|Any CPU
	EndGlobalSection
	GlobalSection(SolutionProperties) = preSolution
		HideSolutionNode = FALSE
	EndGlobalSection
	GlobalSection(ExtensibilityGlobals) = postSolution
		SolutionGuid = {241B97B0-1A12-42B2-80C8-FB4CF3FD45CE}
	EndGlobalSection
EndGlobal
