
Microsoft Visual Studio Solution File, Format Version 12.00
# Visual Studio Version 17
VisualStudioVersion = 17.4.33403.182
MinimumVisualStudioVersion = 10.0.40219.1
Project("{FAE04EC0-301F-11D3-BF4B-00C04F79EFBC}") = "assignmeent", "assignmeent\assignmeent.csproj", "{59A2AB9D-EE9B-4383-BFE4-06C58542DF42}"
EndProject
Global
	GlobalSection(SolutionConfigurationPlatforms) = preSolution
		Debug|Any CPU = Debug|Any CPU
		Release|Any CPU = Release|Any CPU
	EndGlobalSection
	GlobalSection(ProjectConfigurationPlatforms) = postSolution
		{59A2AB9D-EE9B-4383-BFE4-06C58542DF42}.Debug|Any CPU.ActiveCfg = Debug|Any CPU
		{59A2AB9D-EE9B-4383-BFE4-06C58542DF42}.Debug|Any CPU.Build.0 = Debug|Any CPU
		{59A2AB9D-EE9B-4383-BFE4-06C58542DF42}.Release|Any CPU.ActiveCfg = Release|Any CPU
		{59A2AB9D-EE9B-4383-BFE4-06C58542DF42}.Release|Any CPU.Build.0 = Release|Any CPU
	EndGlobalSection
	GlobalSection(SolutionProperties) = preSolution
		HideSolutionNode = FALSE
	EndGlobalSection
	GlobalSection(ExtensibilityGlobals) = postSolution
		SolutionGuid = {D2331B0F-1140-45D8-9380-97549D4E2D9D}
	EndGlobalSection
EndGlobal
