
Microsoft Visual Studio Solution File, Format Version 12.00
# Visual Studio Version 17
VisualStudioVersion = 17.4.33403.182
MinimumVisualStudioVersion = 10.0.40219.1
Project("{FAE04EC0-301F-11D3-BF4B-00C04F79EFBC}") = "Static Class", "Static Class\Static Class.csproj", "{EA8FB241-1098-4480-AE95-F7C3640DA994}"
EndProject
Global
	GlobalSection(SolutionConfigurationPlatforms) = preSolution
		Debug|Any CPU = Debug|Any CPU
		Release|Any CPU = Release|Any CPU
	EndGlobalSection
	GlobalSection(ProjectConfigurationPlatforms) = postSolution
		{EA8FB241-1098-4480-AE95-F7C3640DA994}.Debug|Any CPU.ActiveCfg = Debug|Any CPU
		{EA8FB241-1098-4480-AE95-F7C3640DA994}.Debug|Any CPU.Build.0 = Debug|Any CPU
		{EA8FB241-1098-4480-AE95-F7C3640DA994}.Release|Any CPU.ActiveCfg = Release|Any CPU
		{EA8FB241-1098-4480-AE95-F7C3640DA994}.Release|Any CPU.Build.0 = Release|Any CPU
	EndGlobalSection
	GlobalSection(SolutionProperties) = preSolution
		HideSolutionNode = FALSE
	EndGlobalSection
	GlobalSection(ExtensibilityGlobals) = postSolution
		SolutionGuid = {9739072E-CF3C-4601-875A-BDCD5C8F1B15}
	EndGlobalSection
EndGlobal
